// !$*UTF8*$!
{
	archiveVersion = 1;
	classes = {
	};
	objectVersion = 50;
	objects = {

/* Begin PBXBuildFile section */
		468F589F21E972FD00E84ED8 /* AppDelegate.swift in Sources */ = {isa = PBXBuildFile; fileRef = 468F589E21E972FD00E84ED8 /* AppDelegate.swift */; };
		468F58A121E972FD00E84ED8 /* MasterViewController.swift in Sources */ = {isa = PBXBuildFile; fileRef = 468F58A021E972FD00E84ED8 /* MasterViewController.swift */; };
		468F58A321E972FD00E84ED8 /* DetailViewController.swift in Sources */ = {isa = PBXBuildFile; fileRef = 468F58A221E972FD00E84ED8 /* DetailViewController.swift */; };
		468F58A621E972FD00E84ED8 /* Main.storyboard in Resources */ = {isa = PBXBuildFile; fileRef = 468F58A421E972FD00E84ED8 /* Main.storyboard */; };
		468F58A821E9730100E84ED8 /* Assets.xcassets in Resources */ = {isa = PBXBuildFile; fileRef = 468F58A721E9730100E84ED8 /* Assets.xcassets */; };
		468F58AB21E9730100E84ED8 /* LaunchScreen.storyboard in Resources */ = {isa = PBXBuildFile; fileRef = 468F58A921E9730100E84ED8 /* LaunchScreen.storyboard */; };
		468F58B621E9730100E84ED8 /* Moonbounce_iOSTests.swift in Sources */ = {isa = PBXBuildFile; fileRef = 468F58B521E9730100E84ED8 /* Moonbounce_iOSTests.swift */; };
		468F58C121E9730100E84ED8 /* Moonbounce_iOSUITests.swift in Sources */ = {isa = PBXBuildFile; fileRef = 468F58C021E9730100E84ED8 /* Moonbounce_iOSUITests.swift */; };
		468F591921E97D9F00E84ED8 /* PacketTunnelProvider.swift in Sources */ = {isa = PBXBuildFile; fileRef = 468F591821E97D9F00E84ED8 /* PacketTunnelProvider.swift */; };
		468F591E21E97D9F00E84ED8 /* MoonbounceiOSNetworkExtension.appex in Embed App Extensions */ = {isa = PBXBuildFile; fileRef = 468F591621E97D9E00E84ED8 /* MoonbounceiOSNetworkExtension.appex */; settings = {ATTRIBUTES = (RemoveHeadersOnCopy, ); }; };
		AE135A9622135DD500E81823 /* NWTCPConnection+CustomStringConvertible.swift in Sources */ = {isa = PBXBuildFile; fileRef = AE135A9522135DD500E81823 /* NWTCPConnection+CustomStringConvertible.swift */; };
		AE135A9822135E2700E81823 /* ClientTunnelConnection.swift in Sources */ = {isa = PBXBuildFile; fileRef = AE135A9722135E2700E81823 /* ClientTunnelConnection.swift */; };
		AE135AD922136D0200E81823 /* SwiftQueue.framework in Frameworks */ = {isa = PBXBuildFile; fileRef = AE135AD722136CED00E81823 /* SwiftQueue.framework */; };
		AE135AF22213977500E81823 /* NEVPNStatus+CustomStriongConvertible.swift in Sources */ = {isa = PBXBuildFile; fileRef = AE135AF12213977400E81823 /* NEVPNStatus+CustomStriongConvertible.swift */; };
		AE135AF322139DCD00E81823 /* SwiftQueue.framework in Frameworks */ = {isa = PBXBuildFile; fileRef = AE135AD722136CED00E81823 /* SwiftQueue.framework */; };
		AE135AF422139DCD00E81823 /* SwiftQueue.framework in Embed Frameworks */ = {isa = PBXBuildFile; fileRef = AE135AD722136CED00E81823 /* SwiftQueue.framework */; settings = {ATTRIBUTES = (CodeSignOnCopy, RemoveHeadersOnCopy, ); }; };
		AE9BE65E2217889B00304947 /* NetworkExtension.framework in Frameworks */ = {isa = PBXBuildFile; fileRef = AE9BE65D2217889B00304947 /* NetworkExtension.framework */; };
		AE9BE65F221788A900304947 /* NetworkExtension.framework in Frameworks */ = {isa = PBXBuildFile; fileRef = AE9BE65D2217889B00304947 /* NetworkExtension.framework */; };
		AE9BE6612217940000304947 /* TunnelController.swift in Sources */ = {isa = PBXBuildFile; fileRef = AE9BE6602217940000304947 /* TunnelController.swift */; };
		AE9BE6632217976D00304947 /* Tunnel.swift in Sources */ = {isa = PBXBuildFile; fileRef = AE9BE6622217976D00304947 /* Tunnel.swift */; };
		AEA33164221F6C6800F3C57E /* Replicant.framework in Frameworks */ = {isa = PBXBuildFile; fileRef = CA0BBD642210C75100007659 /* Replicant.framework */; };
		AEA33165221F6C6E00F3C57E /* ReplicantSwift.framework in Frameworks */ = {isa = PBXBuildFile; fileRef = CA0BBD662210C75100007659 /* ReplicantSwift.framework */; };
		AEA331AF2220FF6700F3C57E /* Flower.framework in Frameworks */ = {isa = PBXBuildFile; fileRef = AEA331AE2220FF4500F3C57E /* Flower.framework */; };
		AEA331B02221035300F3C57E /* Flower.framework in Embed Frameworks */ = {isa = PBXBuildFile; fileRef = AEA331AE2220FF4500F3C57E /* Flower.framework */; settings = {ATTRIBUTES = (CodeSignOnCopy, RemoveHeadersOnCopy, ); }; };
		AEB6CA21222ED28E00F6658A /* ClientConfig.swift in Sources */ = {isa = PBXBuildFile; fileRef = AEB6CA20222ED28E00F6658A /* ClientConfig.swift */; };
		AEB6CA22222ED28E00F6658A /* ClientConfig.swift in Sources */ = {isa = PBXBuildFile; fileRef = AEB6CA20222ED28E00F6658A /* ClientConfig.swift */; };
		AEB6CA23222EDF2700F6658A /* Tunnel.swift in Sources */ = {isa = PBXBuildFile; fileRef = AE9BE6622217976D00304947 /* Tunnel.swift */; };
		AEB6CA24222EDF3400F6658A /* MoonbounceConfig.swift in Sources */ = {isa = PBXBuildFile; fileRef = AEE9429021F278AD00213EE7 /* MoonbounceConfig.swift */; };
		AEB6CA26222EF33B00F6658A /* Default.moonbounce in Resources */ = {isa = PBXBuildFile; fileRef = AEB6CA25222EF33B00F6658A /* Default.moonbounce */; };
		AEE9429121F278AD00213EE7 /* MoonbounceConfig.swift in Sources */ = {isa = PBXBuildFile; fileRef = AEE9429021F278AD00213EE7 /* MoonbounceConfig.swift */; };
		AEE9429321F278BE00213EE7 /* ConfigController.swift in Sources */ = {isa = PBXBuildFile; fileRef = AEE9429221F278BE00213EE7 /* ConfigController.swift */; };
		CA0BBD732210C82500007659 /* Replicant.framework in Embed Frameworks */ = {isa = PBXBuildFile; fileRef = CA0BBD642210C75100007659 /* Replicant.framework */; settings = {ATTRIBUTES = (CodeSignOnCopy, RemoveHeadersOnCopy, ); }; };
		CA0BBD742210C82500007659 /* Datable.framework in Embed Frameworks */ = {isa = PBXBuildFile; fileRef = CA0BBD5C2210C75100007659 /* Datable.framework */; settings = {ATTRIBUTES = (CodeSignOnCopy, RemoveHeadersOnCopy, ); }; };
		CA0BBD752210C82500007659 /* MoonbounceDependencies.framework in Embed Frameworks */ = {isa = PBXBuildFile; fileRef = CA0BBD602210C75100007659 /* MoonbounceDependencies.framework */; settings = {ATTRIBUTES = (CodeSignOnCopy, RemoveHeadersOnCopy, ); }; };
		CA0BBD762210C82500007659 /* ZIPFoundation.framework in Embed Frameworks */ = {isa = PBXBuildFile; fileRef = CA0BBD6A2210C75100007659 /* ZIPFoundation.framework */; settings = {ATTRIBUTES = (CodeSignOnCopy, RemoveHeadersOnCopy, ); }; };
		CA0BBD772210C82500007659 /* ReplicantSwift.framework in Embed Frameworks */ = {isa = PBXBuildFile; fileRef = CA0BBD662210C75100007659 /* ReplicantSwift.framework */; settings = {ATTRIBUTES = (CodeSignOnCopy, RemoveHeadersOnCopy, ); }; };
		CA0BBD782210C82500007659 /* Transport.framework in Embed Frameworks */ = {isa = PBXBuildFile; fileRef = CA0BBD682210C75100007659 /* Transport.framework */; settings = {ATTRIBUTES = (CodeSignOnCopy, RemoveHeadersOnCopy, ); }; };
/* End PBXBuildFile section */

/* Begin PBXContainerItemProxy section */
		468F58B221E9730100E84ED8 /* PBXContainerItemProxy */ = {
			isa = PBXContainerItemProxy;
			containerPortal = 468F589321E972FD00E84ED8 /* Project object */;
			proxyType = 1;
			remoteGlobalIDString = 468F589A21E972FD00E84ED8;
			remoteInfo = Moonbounce.iOS;
		};
		468F58BD21E9730100E84ED8 /* PBXContainerItemProxy */ = {
			isa = PBXContainerItemProxy;
			containerPortal = 468F589321E972FD00E84ED8 /* Project object */;
			proxyType = 1;
			remoteGlobalIDString = 468F589A21E972FD00E84ED8;
			remoteInfo = Moonbounce.iOS;
		};
		468F591C21E97D9F00E84ED8 /* PBXContainerItemProxy */ = {
			isa = PBXContainerItemProxy;
			containerPortal = 468F589321E972FD00E84ED8 /* Project object */;
			proxyType = 1;
			remoteGlobalIDString = 468F591521E97D9E00E84ED8;
			remoteInfo = MoonbounceiOSNetworkExtension;
		};
		AE135AD622136CED00E81823 /* PBXContainerItemProxy */ = {
			isa = PBXContainerItemProxy;
			containerPortal = CA0BBD3E2210C75100007659 /* MoonbounceDependencies.xcodeproj */;
			proxyType = 2;
			remoteGlobalIDString = "SwiftQueue::SwiftQueue::Product";
			remoteInfo = SwiftQueue;
		};
		AE135AF522139DCD00E81823 /* PBXContainerItemProxy */ = {
			isa = PBXContainerItemProxy;
			containerPortal = CA0BBD3E2210C75100007659 /* MoonbounceDependencies.xcodeproj */;
			proxyType = 1;
			remoteGlobalIDString = "SwiftQueue::SwiftQueue";
			remoteInfo = SwiftQueue;
		};
		AEA331AD2220FF4500F3C57E /* PBXContainerItemProxy */ = {
			isa = PBXContainerItemProxy;
			containerPortal = CA0BBD3E2210C75100007659 /* MoonbounceDependencies.xcodeproj */;
			proxyType = 2;
			remoteGlobalIDString = "Flower::Flower::Product";
			remoteInfo = Flower;
		};
		CA0BBD5B2210C75100007659 /* PBXContainerItemProxy */ = {
			isa = PBXContainerItemProxy;
			containerPortal = CA0BBD3E2210C75100007659 /* MoonbounceDependencies.xcodeproj */;
			proxyType = 2;
			remoteGlobalIDString = "Datable::Datable::Product";
			remoteInfo = Datable;
		};
		CA0BBD5F2210C75100007659 /* PBXContainerItemProxy */ = {
			isa = PBXContainerItemProxy;
			containerPortal = CA0BBD3E2210C75100007659 /* MoonbounceDependencies.xcodeproj */;
			proxyType = 2;
			remoteGlobalIDString = "MoonbounceDependencies::MoonbounceDependencies::Product";
			remoteInfo = MoonbounceDependencies;
		};
		CA0BBD612210C75100007659 /* PBXContainerItemProxy */ = {
			isa = PBXContainerItemProxy;
			containerPortal = CA0BBD3E2210C75100007659 /* MoonbounceDependencies.xcodeproj */;
			proxyType = 2;
			remoteGlobalIDString = "MoonbounceDependencies::MoonbounceDependenciesTests::Product";
			remoteInfo = MoonbounceDependenciesTests;
		};
		CA0BBD632210C75100007659 /* PBXContainerItemProxy */ = {
			isa = PBXContainerItemProxy;
			containerPortal = CA0BBD3E2210C75100007659 /* MoonbounceDependencies.xcodeproj */;
			proxyType = 2;
			remoteGlobalIDString = "Shapeshifter-Swift-Transports::Replicant::Product";
			remoteInfo = Replicant;
		};
		CA0BBD652210C75100007659 /* PBXContainerItemProxy */ = {
			isa = PBXContainerItemProxy;
			containerPortal = CA0BBD3E2210C75100007659 /* MoonbounceDependencies.xcodeproj */;
			proxyType = 2;
			remoteGlobalIDString = "ReplicantSwift::ReplicantSwift::Product";
			remoteInfo = ReplicantSwift;
		};
		CA0BBD672210C75100007659 /* PBXContainerItemProxy */ = {
			isa = PBXContainerItemProxy;
			containerPortal = CA0BBD3E2210C75100007659 /* MoonbounceDependencies.xcodeproj */;
			proxyType = 2;
			remoteGlobalIDString = "Transport::Transport::Product";
			remoteInfo = Transport;
		};
		CA0BBD692210C75100007659 /* PBXContainerItemProxy */ = {
			isa = PBXContainerItemProxy;
			containerPortal = CA0BBD3E2210C75100007659 /* MoonbounceDependencies.xcodeproj */;
			proxyType = 2;
			remoteGlobalIDString = "ZIPFoundation::ZIPFoundation::Product";
			remoteInfo = ZIPFoundation;
		};
/* End PBXContainerItemProxy section */

/* Begin PBXCopyFilesBuildPhase section */
		468F592221E97D9F00E84ED8 /* Embed App Extensions */ = {
			isa = PBXCopyFilesBuildPhase;
			buildActionMask = 2147483647;
			dstPath = "";
			dstSubfolderSpec = 13;
			files = (
				468F591E21E97D9F00E84ED8 /* MoonbounceiOSNetworkExtension.appex in Embed App Extensions */,
			);
			name = "Embed App Extensions";
			runOnlyForDeploymentPostprocessing = 0;
		};
		AEE942BC21F6A2B700213EE7 /* Embed Frameworks */ = {
			isa = PBXCopyFilesBuildPhase;
			buildActionMask = 2147483647;
			dstPath = "";
			dstSubfolderSpec = 10;
			files = (
				AEA331B02221035300F3C57E /* Flower.framework in Embed Frameworks */,
				CA0BBD732210C82500007659 /* Replicant.framework in Embed Frameworks */,
				CA0BBD742210C82500007659 /* Datable.framework in Embed Frameworks */,
				AE135AF422139DCD00E81823 /* SwiftQueue.framework in Embed Frameworks */,
				CA0BBD752210C82500007659 /* MoonbounceDependencies.framework in Embed Frameworks */,
				CA0BBD762210C82500007659 /* ZIPFoundation.framework in Embed Frameworks */,
				CA0BBD772210C82500007659 /* ReplicantSwift.framework in Embed Frameworks */,
				CA0BBD782210C82500007659 /* Transport.framework in Embed Frameworks */,
			);
			name = "Embed Frameworks";
			runOnlyForDeploymentPostprocessing = 0;
		};
/* End PBXCopyFilesBuildPhase section */

/* Begin PBXFileReference section */
		468F589B21E972FD00E84ED8 /* Moonbounce.iOS.app */ = {isa = PBXFileReference; explicitFileType = wrapper.application; includeInIndex = 0; path = Moonbounce.iOS.app; sourceTree = BUILT_PRODUCTS_DIR; };
		468F589E21E972FD00E84ED8 /* AppDelegate.swift */ = {isa = PBXFileReference; lastKnownFileType = sourcecode.swift; path = AppDelegate.swift; sourceTree = "<group>"; };
		468F58A021E972FD00E84ED8 /* MasterViewController.swift */ = {isa = PBXFileReference; lastKnownFileType = sourcecode.swift; path = MasterViewController.swift; sourceTree = "<group>"; };
		468F58A221E972FD00E84ED8 /* DetailViewController.swift */ = {isa = PBXFileReference; lastKnownFileType = sourcecode.swift; path = DetailViewController.swift; sourceTree = "<group>"; };
		468F58A521E972FD00E84ED8 /* Base */ = {isa = PBXFileReference; lastKnownFileType = file.storyboard; name = Base; path = Base.lproj/Main.storyboard; sourceTree = "<group>"; };
		468F58A721E9730100E84ED8 /* Assets.xcassets */ = {isa = PBXFileReference; lastKnownFileType = folder.assetcatalog; path = Assets.xcassets; sourceTree = "<group>"; };
		468F58AA21E9730100E84ED8 /* Base */ = {isa = PBXFileReference; lastKnownFileType = file.storyboard; name = Base; path = Base.lproj/LaunchScreen.storyboard; sourceTree = "<group>"; };
		468F58AC21E9730100E84ED8 /* Info.plist */ = {isa = PBXFileReference; lastKnownFileType = text.plist.xml; path = Info.plist; sourceTree = "<group>"; };
		468F58B121E9730100E84ED8 /* Moonbounce.iOSTests.xctest */ = {isa = PBXFileReference; explicitFileType = wrapper.cfbundle; includeInIndex = 0; path = Moonbounce.iOSTests.xctest; sourceTree = BUILT_PRODUCTS_DIR; };
		468F58B521E9730100E84ED8 /* Moonbounce_iOSTests.swift */ = {isa = PBXFileReference; lastKnownFileType = sourcecode.swift; path = Moonbounce_iOSTests.swift; sourceTree = "<group>"; };
		468F58B721E9730100E84ED8 /* Info.plist */ = {isa = PBXFileReference; lastKnownFileType = text.plist.xml; path = Info.plist; sourceTree = "<group>"; };
		468F58BC21E9730100E84ED8 /* Moonbounce.iOSUITests.xctest */ = {isa = PBXFileReference; explicitFileType = wrapper.cfbundle; includeInIndex = 0; path = Moonbounce.iOSUITests.xctest; sourceTree = BUILT_PRODUCTS_DIR; };
		468F58C021E9730100E84ED8 /* Moonbounce_iOSUITests.swift */ = {isa = PBXFileReference; lastKnownFileType = sourcecode.swift; path = Moonbounce_iOSUITests.swift; sourceTree = "<group>"; };
		468F58C221E9730100E84ED8 /* Info.plist */ = {isa = PBXFileReference; lastKnownFileType = text.plist.xml; path = Info.plist; sourceTree = "<group>"; };
		468F591621E97D9E00E84ED8 /* MoonbounceiOSNetworkExtension.appex */ = {isa = PBXFileReference; explicitFileType = "wrapper.app-extension"; includeInIndex = 0; path = MoonbounceiOSNetworkExtension.appex; sourceTree = BUILT_PRODUCTS_DIR; };
		468F591821E97D9F00E84ED8 /* PacketTunnelProvider.swift */ = {isa = PBXFileReference; lastKnownFileType = sourcecode.swift; path = PacketTunnelProvider.swift; sourceTree = "<group>"; };
		468F591A21E97D9F00E84ED8 /* Info.plist */ = {isa = PBXFileReference; lastKnownFileType = text.plist.xml; path = Info.plist; sourceTree = "<group>"; };
		468F591B21E97D9F00E84ED8 /* MoonbounceiOSNetworkExtension.entitlements */ = {isa = PBXFileReference; lastKnownFileType = text.plist.entitlements; path = MoonbounceiOSNetworkExtension.entitlements; sourceTree = "<group>"; };
		AE135A9522135DD500E81823 /* NWTCPConnection+CustomStringConvertible.swift */ = {isa = PBXFileReference; fileEncoding = 4; lastKnownFileType = sourcecode.swift; path = "NWTCPConnection+CustomStringConvertible.swift"; sourceTree = "<group>"; };
		AE135A9722135E2700E81823 /* ClientTunnelConnection.swift */ = {isa = PBXFileReference; lastKnownFileType = sourcecode.swift; path = ClientTunnelConnection.swift; sourceTree = "<group>"; };
		AE135AF12213977400E81823 /* NEVPNStatus+CustomStriongConvertible.swift */ = {isa = PBXFileReference; fileEncoding = 4; lastKnownFileType = sourcecode.swift; path = "NEVPNStatus+CustomStriongConvertible.swift"; sourceTree = "<group>"; };
		AE9BE65A2217645D00304947 /* Moonbounce.iOS.entitlements */ = {isa = PBXFileReference; lastKnownFileType = text.plist.entitlements; path = Moonbounce.iOS.entitlements; sourceTree = "<group>"; };
		AE9BE65D2217889B00304947 /* NetworkExtension.framework */ = {isa = PBXFileReference; lastKnownFileType = wrapper.framework; name = NetworkExtension.framework; path = System/Library/Frameworks/NetworkExtension.framework; sourceTree = SDKROOT; };
		AE9BE6602217940000304947 /* TunnelController.swift */ = {isa = PBXFileReference; lastKnownFileType = sourcecode.swift; path = TunnelController.swift; sourceTree = "<group>"; };
		AE9BE6622217976D00304947 /* Tunnel.swift */ = {isa = PBXFileReference; lastKnownFileType = sourcecode.swift; path = Tunnel.swift; sourceTree = "<group>"; };
		AEB6CA20222ED28E00F6658A /* ClientConfig.swift */ = {isa = PBXFileReference; fileEncoding = 4; lastKnownFileType = sourcecode.swift; path = ClientConfig.swift; sourceTree = "<group>"; };
		AEB6CA25222EF33B00F6658A /* Default.moonbounce */ = {isa = PBXFileReference; lastKnownFileType = file; path = Default.moonbounce; sourceTree = "<group>"; };
		AEE9429021F278AD00213EE7 /* MoonbounceConfig.swift */ = {isa = PBXFileReference; lastKnownFileType = sourcecode.swift; path = MoonbounceConfig.swift; sourceTree = "<group>"; };
		AEE9429221F278BE00213EE7 /* ConfigController.swift */ = {isa = PBXFileReference; lastKnownFileType = sourcecode.swift; path = ConfigController.swift; sourceTree = "<group>"; };
		CA0BBD3E2210C75100007659 /* MoonbounceDependencies.xcodeproj */ = {isa = PBXFileReference; lastKnownFileType = "wrapper.pb-project"; name = MoonbounceDependencies.xcodeproj; path = MoonbounceDependencies/MoonbounceDependencies.xcodeproj; sourceTree = "<group>"; };
/* End PBXFileReference section */

/* Begin PBXFrameworksBuildPhase section */
		468F589821E972FD00E84ED8 /* Frameworks */ = {
			isa = PBXFrameworksBuildPhase;
			buildActionMask = 2147483647;
			files = (
				AE135AF322139DCD00E81823 /* SwiftQueue.framework in Frameworks */,
				AE9BE65F221788A900304947 /* NetworkExtension.framework in Frameworks */,
			);
			runOnlyForDeploymentPostprocessing = 0;
		};
		468F58AE21E9730100E84ED8 /* Frameworks */ = {
			isa = PBXFrameworksBuildPhase;
			buildActionMask = 2147483647;
			files = (
			);
			runOnlyForDeploymentPostprocessing = 0;
		};
		468F58B921E9730100E84ED8 /* Frameworks */ = {
			isa = PBXFrameworksBuildPhase;
			buildActionMask = 2147483647;
			files = (
			);
			runOnlyForDeploymentPostprocessing = 0;
		};
		468F591321E97D9E00E84ED8 /* Frameworks */ = {
			isa = PBXFrameworksBuildPhase;
			buildActionMask = 2147483647;
			files = (
				AEA331AF2220FF6700F3C57E /* Flower.framework in Frameworks */,
				AEA33165221F6C6E00F3C57E /* ReplicantSwift.framework in Frameworks */,
				AEA33164221F6C6800F3C57E /* Replicant.framework in Frameworks */,
				AE135AD922136D0200E81823 /* SwiftQueue.framework in Frameworks */,
				AE9BE65E2217889B00304947 /* NetworkExtension.framework in Frameworks */,
			);
			runOnlyForDeploymentPostprocessing = 0;
		};
/* End PBXFrameworksBuildPhase section */

/* Begin PBXGroup section */
		468F589221E972FD00E84ED8 = {
			isa = PBXGroup;
			children = (
				CA0BBD3E2210C75100007659 /* MoonbounceDependencies.xcodeproj */,
				468F589D21E972FD00E84ED8 /* Moonbounce.iOS */,
				468F58B421E9730100E84ED8 /* Moonbounce.iOSTests */,
				468F58BF21E9730100E84ED8 /* Moonbounce.iOSUITests */,
				468F591721E97D9F00E84ED8 /* MoonbounceiOSNetworkExtension */,
				468F589C21E972FD00E84ED8 /* Products */,
				468F58EF21E97B7A00E84ED8 /* Frameworks */,
			);
			sourceTree = "<group>";
		};
		468F589C21E972FD00E84ED8 /* Products */ = {
			isa = PBXGroup;
			children = (
				468F589B21E972FD00E84ED8 /* Moonbounce.iOS.app */,
				468F58B121E9730100E84ED8 /* Moonbounce.iOSTests.xctest */,
				468F58BC21E9730100E84ED8 /* Moonbounce.iOSUITests.xctest */,
				468F591621E97D9E00E84ED8 /* MoonbounceiOSNetworkExtension.appex */,
			);
			name = Products;
			sourceTree = "<group>";
		};
		468F589D21E972FD00E84ED8 /* Moonbounce.iOS */ = {
			isa = PBXGroup;
			children = (
				AEB6CA25222EF33B00F6658A /* Default.moonbounce */,
				AE9BE65A2217645D00304947 /* Moonbounce.iOS.entitlements */,
				AE135AF02213973100E81823 /* SupportingFiles */,
				AEE9427E21F2784E00213EE7 /* Models */,
				AEE9428F21F2787A00213EE7 /* Controllers */,
				468F589E21E972FD00E84ED8 /* AppDelegate.swift */,
				468F58A021E972FD00E84ED8 /* MasterViewController.swift */,
				468F58A221E972FD00E84ED8 /* DetailViewController.swift */,
				468F58A421E972FD00E84ED8 /* Main.storyboard */,
				468F58A721E9730100E84ED8 /* Assets.xcassets */,
				468F58A921E9730100E84ED8 /* LaunchScreen.storyboard */,
				468F58AC21E9730100E84ED8 /* Info.plist */,
			);
			path = Moonbounce.iOS;
			sourceTree = "<group>";
		};
		468F58B421E9730100E84ED8 /* Moonbounce.iOSTests */ = {
			isa = PBXGroup;
			children = (
				468F58B521E9730100E84ED8 /* Moonbounce_iOSTests.swift */,
				468F58B721E9730100E84ED8 /* Info.plist */,
			);
			path = Moonbounce.iOSTests;
			sourceTree = "<group>";
		};
		468F58BF21E9730100E84ED8 /* Moonbounce.iOSUITests */ = {
			isa = PBXGroup;
			children = (
				468F58C021E9730100E84ED8 /* Moonbounce_iOSUITests.swift */,
				468F58C221E9730100E84ED8 /* Info.plist */,
			);
			path = Moonbounce.iOSUITests;
			sourceTree = "<group>";
		};
		468F58EF21E97B7A00E84ED8 /* Frameworks */ = {
			isa = PBXGroup;
			children = (
				AE9BE65D2217889B00304947 /* NetworkExtension.framework */,
			);
			name = Frameworks;
			sourceTree = "<group>";
		};
		468F591721E97D9F00E84ED8 /* MoonbounceiOSNetworkExtension */ = {
			isa = PBXGroup;
			children = (
				AE135A9722135E2700E81823 /* ClientTunnelConnection.swift */,
				468F591821E97D9F00E84ED8 /* PacketTunnelProvider.swift */,
				468F591A21E97D9F00E84ED8 /* Info.plist */,
				468F591B21E97D9F00E84ED8 /* MoonbounceiOSNetworkExtension.entitlements */,
				AE135A8422135DB000E81823 /* SupportingFiles */,
			);
			path = MoonbounceiOSNetworkExtension;
			sourceTree = "<group>";
		};
		AE135A8422135DB000E81823 /* SupportingFiles */ = {
			isa = PBXGroup;
			children = (
				AE135A9522135DD500E81823 /* NWTCPConnection+CustomStringConvertible.swift */,
			);
			path = SupportingFiles;
			sourceTree = "<group>";
		};
		AE135AF02213973100E81823 /* SupportingFiles */ = {
			isa = PBXGroup;
			children = (
				AE135AF12213977400E81823 /* NEVPNStatus+CustomStriongConvertible.swift */,
			);
			path = SupportingFiles;
			sourceTree = "<group>";
		};
		AEE9427E21F2784E00213EE7 /* Models */ = {
			isa = PBXGroup;
			children = (
				AEB6CA20222ED28E00F6658A /* ClientConfig.swift */,
				AEE9429021F278AD00213EE7 /* MoonbounceConfig.swift */,
				AE9BE6622217976D00304947 /* Tunnel.swift */,
			);
			path = Models;
			sourceTree = "<group>";
		};
		AEE9428F21F2787A00213EE7 /* Controllers */ = {
			isa = PBXGroup;
			children = (
				AEE9429221F278BE00213EE7 /* ConfigController.swift */,
				AE9BE6602217940000304947 /* TunnelController.swift */,
			);
			path = Controllers;
			sourceTree = "<group>";
		};
		CA0BBD3F2210C75100007659 /* Products */ = {
			isa = PBXGroup;
			children = (
				CA0BBD5C2210C75100007659 /* Datable.framework */,
				AEA331AE2220FF4500F3C57E /* Flower.framework */,
				CA0BBD602210C75100007659 /* MoonbounceDependencies.framework */,
				CA0BBD622210C75100007659 /* MoonbounceDependenciesTests.xctest */,
				CA0BBD642210C75100007659 /* Replicant.framework */,
				CA0BBD662210C75100007659 /* ReplicantSwift.framework */,
				AE135AD722136CED00E81823 /* SwiftQueue.framework */,
				CA0BBD682210C75100007659 /* Transport.framework */,
				CA0BBD6A2210C75100007659 /* ZIPFoundation.framework */,
			);
			name = Products;
			sourceTree = "<group>";
		};
/* End PBXGroup section */

/* Begin PBXNativeTarget section */
		468F589A21E972FD00E84ED8 /* Moonbounce.iOS */ = {
			isa = PBXNativeTarget;
			buildConfigurationList = 468F58C521E9730100E84ED8 /* Build configuration list for PBXNativeTarget "Moonbounce.iOS" */;
			buildPhases = (
				468F589721E972FD00E84ED8 /* Sources */,
				468F589821E972FD00E84ED8 /* Frameworks */,
				468F589921E972FD00E84ED8 /* Resources */,
				468F592221E97D9F00E84ED8 /* Embed App Extensions */,
				AEE942BC21F6A2B700213EE7 /* Embed Frameworks */,
			);
			buildRules = (
			);
			dependencies = (
				468F591D21E97D9F00E84ED8 /* PBXTargetDependency */,
				AE135AF622139DCD00E81823 /* PBXTargetDependency */,
			);
			name = Moonbounce.iOS;
			productName = Moonbounce.iOS;
			productReference = 468F589B21E972FD00E84ED8 /* Moonbounce.iOS.app */;
			productType = "com.apple.product-type.application";
		};
		468F58B021E9730100E84ED8 /* Moonbounce.iOSTests */ = {
			isa = PBXNativeTarget;
			buildConfigurationList = 468F58C821E9730100E84ED8 /* Build configuration list for PBXNativeTarget "Moonbounce.iOSTests" */;
			buildPhases = (
				468F58AD21E9730100E84ED8 /* Sources */,
				468F58AE21E9730100E84ED8 /* Frameworks */,
				468F58AF21E9730100E84ED8 /* Resources */,
			);
			buildRules = (
			);
			dependencies = (
				468F58B321E9730100E84ED8 /* PBXTargetDependency */,
			);
			name = Moonbounce.iOSTests;
			productName = Moonbounce.iOSTests;
			productReference = 468F58B121E9730100E84ED8 /* Moonbounce.iOSTests.xctest */;
			productType = "com.apple.product-type.bundle.unit-test";
		};
		468F58BB21E9730100E84ED8 /* Moonbounce.iOSUITests */ = {
			isa = PBXNativeTarget;
			buildConfigurationList = 468F58CB21E9730100E84ED8 /* Build configuration list for PBXNativeTarget "Moonbounce.iOSUITests" */;
			buildPhases = (
				468F58B821E9730100E84ED8 /* Sources */,
				468F58B921E9730100E84ED8 /* Frameworks */,
				468F58BA21E9730100E84ED8 /* Resources */,
			);
			buildRules = (
			);
			dependencies = (
				468F58BE21E9730100E84ED8 /* PBXTargetDependency */,
			);
			name = Moonbounce.iOSUITests;
			productName = Moonbounce.iOSUITests;
			productReference = 468F58BC21E9730100E84ED8 /* Moonbounce.iOSUITests.xctest */;
			productType = "com.apple.product-type.bundle.ui-testing";
		};
		468F591521E97D9E00E84ED8 /* MoonbounceiOSNetworkExtension */ = {
			isa = PBXNativeTarget;
			buildConfigurationList = 468F591F21E97D9F00E84ED8 /* Build configuration list for PBXNativeTarget "MoonbounceiOSNetworkExtension" */;
			buildPhases = (
				468F591221E97D9E00E84ED8 /* Sources */,
				468F591321E97D9E00E84ED8 /* Frameworks */,
				468F591421E97D9E00E84ED8 /* Resources */,
			);
			buildRules = (
			);
			dependencies = (
			);
			name = MoonbounceiOSNetworkExtension;
			productName = MoonbounceiOSNetworkExtension;
			productReference = 468F591621E97D9E00E84ED8 /* MoonbounceiOSNetworkExtension.appex */;
			productType = "com.apple.product-type.app-extension";
		};
/* End PBXNativeTarget section */

/* Begin PBXProject section */
		468F589321E972FD00E84ED8 /* Project object */ = {
			isa = PBXProject;
			attributes = {
				LastSwiftUpdateCheck = 1010;
				LastUpgradeCheck = 1010;
				ORGANIZATIONNAME = "Operator Foundation";
				TargetAttributes = {
					468F589A21E972FD00E84ED8 = {
						CreatedOnToolsVersion = 10.1;
						LastSwiftMigration = 1020;
						SystemCapabilities = {
							com.apple.ApplicationGroups.iOS = {
								enabled = 1;
							};
							com.apple.Keychain = {
								enabled = 1;
							};
							com.apple.NetworkExtensions.iOS = {
								enabled = 1;
							};
							com.apple.VPNLite = {
								enabled = 1;
							};
						};
					};
					468F58B021E9730100E84ED8 = {
						CreatedOnToolsVersion = 10.1;
						LastSwiftMigration = 1020;
						TestTargetID = 468F589A21E972FD00E84ED8;
					};
					468F58BB21E9730100E84ED8 = {
						CreatedOnToolsVersion = 10.1;
						LastSwiftMigration = 1020;
						TestTargetID = 468F589A21E972FD00E84ED8;
					};
					468F591521E97D9E00E84ED8 = {
						CreatedOnToolsVersion = 10.1;
						LastSwiftMigration = 1020;
						SystemCapabilities = {
							com.apple.ApplicationGroups.iOS = {
								enabled = 1;
							};
							com.apple.Keychain = {
								enabled = 1;
							};
							com.apple.NetworkExtensions.iOS = {
								enabled = 1;
							};
							com.apple.VPNLite = {
								enabled = 1;
							};
						};
					};
				};
			};
			buildConfigurationList = 468F589621E972FD00E84ED8 /* Build configuration list for PBXProject "Moonbounce.iOS" */;
			compatibilityVersion = "Xcode 9.3";
			developmentRegion = en;
			hasScannedForEncodings = 0;
			knownRegions = (
				en,
				Base,
			);
			mainGroup = 468F589221E972FD00E84ED8;
			productRefGroup = 468F589C21E972FD00E84ED8 /* Products */;
			projectDirPath = "";
			projectReferences = (
				{
					ProductGroup = CA0BBD3F2210C75100007659 /* Products */;
					ProjectRef = CA0BBD3E2210C75100007659 /* MoonbounceDependencies.xcodeproj */;
				},
			);
			projectRoot = "";
			targets = (
				468F589A21E972FD00E84ED8 /* Moonbounce.iOS */,
				468F58B021E9730100E84ED8 /* Moonbounce.iOSTests */,
				468F58BB21E9730100E84ED8 /* Moonbounce.iOSUITests */,
				468F591521E97D9E00E84ED8 /* MoonbounceiOSNetworkExtension */,
			);
		};
/* End PBXProject section */

/* Begin PBXReferenceProxy section */
		AE135AD722136CED00E81823 /* SwiftQueue.framework */ = {
			isa = PBXReferenceProxy;
			fileType = wrapper.framework;
			path = SwiftQueue.framework;
			remoteRef = AE135AD622136CED00E81823 /* PBXContainerItemProxy */;
			sourceTree = BUILT_PRODUCTS_DIR;
		};
		AEA331AE2220FF4500F3C57E /* Flower.framework */ = {
			isa = PBXReferenceProxy;
			fileType = wrapper.framework;
			path = Flower.framework;
			remoteRef = AEA331AD2220FF4500F3C57E /* PBXContainerItemProxy */;
			sourceTree = BUILT_PRODUCTS_DIR;
		};
		CA0BBD5C2210C75100007659 /* Datable.framework */ = {
			isa = PBXReferenceProxy;
			fileType = wrapper.framework;
			path = Datable.framework;
			remoteRef = CA0BBD5B2210C75100007659 /* PBXContainerItemProxy */;
			sourceTree = BUILT_PRODUCTS_DIR;
		};
		CA0BBD602210C75100007659 /* MoonbounceDependencies.framework */ = {
			isa = PBXReferenceProxy;
			fileType = wrapper.framework;
			path = MoonbounceDependencies.framework;
			remoteRef = CA0BBD5F2210C75100007659 /* PBXContainerItemProxy */;
			sourceTree = BUILT_PRODUCTS_DIR;
		};
		CA0BBD622210C75100007659 /* MoonbounceDependenciesTests.xctest */ = {
			isa = PBXReferenceProxy;
			fileType = file;
			path = MoonbounceDependenciesTests.xctest;
			remoteRef = CA0BBD612210C75100007659 /* PBXContainerItemProxy */;
			sourceTree = BUILT_PRODUCTS_DIR;
		};
		CA0BBD642210C75100007659 /* Replicant.framework */ = {
			isa = PBXReferenceProxy;
			fileType = wrapper.framework;
			path = Replicant.framework;
			remoteRef = CA0BBD632210C75100007659 /* PBXContainerItemProxy */;
			sourceTree = BUILT_PRODUCTS_DIR;
		};
		CA0BBD662210C75100007659 /* ReplicantSwift.framework */ = {
			isa = PBXReferenceProxy;
			fileType = wrapper.framework;
			path = ReplicantSwift.framework;
			remoteRef = CA0BBD652210C75100007659 /* PBXContainerItemProxy */;
			sourceTree = BUILT_PRODUCTS_DIR;
		};
		CA0BBD682210C75100007659 /* Transport.framework */ = {
			isa = PBXReferenceProxy;
			fileType = wrapper.framework;
			path = Transport.framework;
			remoteRef = CA0BBD672210C75100007659 /* PBXContainerItemProxy */;
			sourceTree = BUILT_PRODUCTS_DIR;
		};
		CA0BBD6A2210C75100007659 /* ZIPFoundation.framework */ = {
			isa = PBXReferenceProxy;
			fileType = wrapper.framework;
			path = ZIPFoundation.framework;
			remoteRef = CA0BBD692210C75100007659 /* PBXContainerItemProxy */;
			sourceTree = BUILT_PRODUCTS_DIR;
		};
/* End PBXReferenceProxy section */

/* Begin PBXResourcesBuildPhase section */
		468F589921E972FD00E84ED8 /* Resources */ = {
			isa = PBXResourcesBuildPhase;
			buildActionMask = 2147483647;
			files = (
				468F58AB21E9730100E84ED8 /* LaunchScreen.storyboard in Resources */,
				468F58A821E9730100E84ED8 /* Assets.xcassets in Resources */,
				AEB6CA26222EF33B00F6658A /* Default.moonbounce in Resources */,
				468F58A621E972FD00E84ED8 /* Main.storyboard in Resources */,
			);
			runOnlyForDeploymentPostprocessing = 0;
		};
		468F58AF21E9730100E84ED8 /* Resources */ = {
			isa = PBXResourcesBuildPhase;
			buildActionMask = 2147483647;
			files = (
			);
			runOnlyForDeploymentPostprocessing = 0;
		};
		468F58BA21E9730100E84ED8 /* Resources */ = {
			isa = PBXResourcesBuildPhase;
			buildActionMask = 2147483647;
			files = (
			);
			runOnlyForDeploymentPostprocessing = 0;
		};
		468F591421E97D9E00E84ED8 /* Resources */ = {
			isa = PBXResourcesBuildPhase;
			buildActionMask = 2147483647;
			files = (
			);
			runOnlyForDeploymentPostprocessing = 0;
		};
/* End PBXResourcesBuildPhase section */

/* Begin PBXSourcesBuildPhase section */
		468F589721E972FD00E84ED8 /* Sources */ = {
			isa = PBXSourcesBuildPhase;
			buildActionMask = 2147483647;
			files = (
				AEE9429121F278AD00213EE7 /* MoonbounceConfig.swift in Sources */,
				468F58A321E972FD00E84ED8 /* DetailViewController.swift in Sources */,
				AEB6CA21222ED28E00F6658A /* ClientConfig.swift in Sources */,
				468F58A121E972FD00E84ED8 /* MasterViewController.swift in Sources */,
				AE135AF22213977500E81823 /* NEVPNStatus+CustomStriongConvertible.swift in Sources */,
				AE9BE6612217940000304947 /* TunnelController.swift in Sources */,
				AE9BE6632217976D00304947 /* Tunnel.swift in Sources */,
				468F589F21E972FD00E84ED8 /* AppDelegate.swift in Sources */,
				AEE9429321F278BE00213EE7 /* ConfigController.swift in Sources */,
			);
			runOnlyForDeploymentPostprocessing = 0;
		};
		468F58AD21E9730100E84ED8 /* Sources */ = {
			isa = PBXSourcesBuildPhase;
			buildActionMask = 2147483647;
			files = (
				468F58B621E9730100E84ED8 /* Moonbounce_iOSTests.swift in Sources */,
			);
			runOnlyForDeploymentPostprocessing = 0;
		};
		468F58B821E9730100E84ED8 /* Sources */ = {
			isa = PBXSourcesBuildPhase;
			buildActionMask = 2147483647;
			files = (
				468F58C121E9730100E84ED8 /* Moonbounce_iOSUITests.swift in Sources */,
			);
			runOnlyForDeploymentPostprocessing = 0;
		};
		468F591221E97D9E00E84ED8 /* Sources */ = {
			isa = PBXSourcesBuildPhase;
			buildActionMask = 2147483647;
			files = (
				AEB6CA23222EDF2700F6658A /* Tunnel.swift in Sources */,
				AE135A9622135DD500E81823 /* NWTCPConnection+CustomStringConvertible.swift in Sources */,
				AE135A9822135E2700E81823 /* ClientTunnelConnection.swift in Sources */,
				AEB6CA22222ED28E00F6658A /* ClientConfig.swift in Sources */,
				AEB6CA24222EDF3400F6658A /* MoonbounceConfig.swift in Sources */,
				468F591921E97D9F00E84ED8 /* PacketTunnelProvider.swift in Sources */,
			);
			runOnlyForDeploymentPostprocessing = 0;
		};
/* End PBXSourcesBuildPhase section */

/* Begin PBXTargetDependency section */
		468F58B321E9730100E84ED8 /* PBXTargetDependency */ = {
			isa = PBXTargetDependency;
			target = 468F589A21E972FD00E84ED8 /* Moonbounce.iOS */;
			targetProxy = 468F58B221E9730100E84ED8 /* PBXContainerItemProxy */;
		};
		468F58BE21E9730100E84ED8 /* PBXTargetDependency */ = {
			isa = PBXTargetDependency;
			target = 468F589A21E972FD00E84ED8 /* Moonbounce.iOS */;
			targetProxy = 468F58BD21E9730100E84ED8 /* PBXContainerItemProxy */;
		};
		468F591D21E97D9F00E84ED8 /* PBXTargetDependency */ = {
			isa = PBXTargetDependency;
			target = 468F591521E97D9E00E84ED8 /* MoonbounceiOSNetworkExtension */;
			targetProxy = 468F591C21E97D9F00E84ED8 /* PBXContainerItemProxy */;
		};
		AE135AF622139DCD00E81823 /* PBXTargetDependency */ = {
			isa = PBXTargetDependency;
			name = SwiftQueue;
			targetProxy = AE135AF522139DCD00E81823 /* PBXContainerItemProxy */;
		};
/* End PBXTargetDependency section */

/* Begin PBXVariantGroup section */
		468F58A421E972FD00E84ED8 /* Main.storyboard */ = {
			isa = PBXVariantGroup;
			children = (
				468F58A521E972FD00E84ED8 /* Base */,
			);
			name = Main.storyboard;
			sourceTree = "<group>";
		};
		468F58A921E9730100E84ED8 /* LaunchScreen.storyboard */ = {
			isa = PBXVariantGroup;
			children = (
				468F58AA21E9730100E84ED8 /* Base */,
			);
			name = LaunchScreen.storyboard;
			sourceTree = "<group>";
		};
/* End PBXVariantGroup section */

/* Begin XCBuildConfiguration section */
		468F58C321E9730100E84ED8 /* Debug */ = {
			isa = XCBuildConfiguration;
			buildSettings = {
				ALWAYS_SEARCH_USER_PATHS = NO;
				CLANG_ANALYZER_NONNULL = YES;
				CLANG_ANALYZER_NUMBER_OBJECT_CONVERSION = YES_AGGRESSIVE;
				CLANG_CXX_LANGUAGE_STANDARD = "gnu++14";
				CLANG_CXX_LIBRARY = "libc++";
				CLANG_ENABLE_MODULES = YES;
				CLANG_ENABLE_OBJC_ARC = YES;
				CLANG_ENABLE_OBJC_WEAK = YES;
				CLANG_WARN_BLOCK_CAPTURE_AUTORELEASING = YES;
				CLANG_WARN_BOOL_CONVERSION = YES;
				CLANG_WARN_COMMA = YES;
				CLANG_WARN_CONSTANT_CONVERSION = YES;
				CLANG_WARN_DEPRECATED_OBJC_IMPLEMENTATIONS = YES;
				CLANG_WARN_DIRECT_OBJC_ISA_USAGE = YES_ERROR;
				CLANG_WARN_DOCUMENTATION_COMMENTS = YES;
				CLANG_WARN_EMPTY_BODY = YES;
				CLANG_WARN_ENUM_CONVERSION = YES;
				CLANG_WARN_INFINITE_RECURSION = YES;
				CLANG_WARN_INT_CONVERSION = YES;
				CLANG_WARN_NON_LITERAL_NULL_CONVERSION = YES;
				CLANG_WARN_OBJC_IMPLICIT_RETAIN_SELF = YES;
				CLANG_WARN_OBJC_LITERAL_CONVERSION = YES;
				CLANG_WARN_OBJC_ROOT_CLASS = YES_ERROR;
				CLANG_WARN_RANGE_LOOP_ANALYSIS = YES;
				CLANG_WARN_STRICT_PROTOTYPES = YES;
				CLANG_WARN_SUSPICIOUS_MOVE = YES;
				CLANG_WARN_UNGUARDED_AVAILABILITY = YES_AGGRESSIVE;
				CLANG_WARN_UNREACHABLE_CODE = YES;
				CLANG_WARN__DUPLICATE_METHOD_MATCH = YES;
				CODE_SIGN_IDENTITY = "iPhone Developer";
				COPY_PHASE_STRIP = NO;
				DEBUG_INFORMATION_FORMAT = dwarf;
				ENABLE_STRICT_OBJC_MSGSEND = YES;
				ENABLE_TESTABILITY = YES;
				GCC_C_LANGUAGE_STANDARD = gnu11;
				GCC_DYNAMIC_NO_PIC = NO;
				GCC_NO_COMMON_BLOCKS = YES;
				GCC_OPTIMIZATION_LEVEL = 0;
				GCC_PREPROCESSOR_DEFINITIONS = (
					"DEBUG=1",
					"$(inherited)",
				);
				GCC_WARN_64_TO_32_BIT_CONVERSION = YES;
				GCC_WARN_ABOUT_RETURN_TYPE = YES_ERROR;
				GCC_WARN_UNDECLARED_SELECTOR = YES;
				GCC_WARN_UNINITIALIZED_AUTOS = YES_AGGRESSIVE;
				GCC_WARN_UNUSED_FUNCTION = YES;
				GCC_WARN_UNUSED_VARIABLE = YES;
				IPHONEOS_DEPLOYMENT_TARGET = 12.2;
				MTL_ENABLE_DEBUG_INFO = INCLUDE_SOURCE;
				MTL_FAST_MATH = YES;
				ONLY_ACTIVE_ARCH = YES;
				SDKROOT = iphoneos;
				SWIFT_ACTIVE_COMPILATION_CONDITIONS = DEBUG;
				SWIFT_OPTIMIZATION_LEVEL = "-Onone";
			};
			name = Debug;
		};
		468F58C421E9730100E84ED8 /* Release */ = {
			isa = XCBuildConfiguration;
			buildSettings = {
				ALWAYS_SEARCH_USER_PATHS = NO;
				CLANG_ANALYZER_NONNULL = YES;
				CLANG_ANALYZER_NUMBER_OBJECT_CONVERSION = YES_AGGRESSIVE;
				CLANG_CXX_LANGUAGE_STANDARD = "gnu++14";
				CLANG_CXX_LIBRARY = "libc++";
				CLANG_ENABLE_MODULES = YES;
				CLANG_ENABLE_OBJC_ARC = YES;
				CLANG_ENABLE_OBJC_WEAK = YES;
				CLANG_WARN_BLOCK_CAPTURE_AUTORELEASING = YES;
				CLANG_WARN_BOOL_CONVERSION = YES;
				CLANG_WARN_COMMA = YES;
				CLANG_WARN_CONSTANT_CONVERSION = YES;
				CLANG_WARN_DEPRECATED_OBJC_IMPLEMENTATIONS = YES;
				CLANG_WARN_DIRECT_OBJC_ISA_USAGE = YES_ERROR;
				CLANG_WARN_DOCUMENTATION_COMMENTS = YES;
				CLANG_WARN_EMPTY_BODY = YES;
				CLANG_WARN_ENUM_CONVERSION = YES;
				CLANG_WARN_INFINITE_RECURSION = YES;
				CLANG_WARN_INT_CONVERSION = YES;
				CLANG_WARN_NON_LITERAL_NULL_CONVERSION = YES;
				CLANG_WARN_OBJC_IMPLICIT_RETAIN_SELF = YES;
				CLANG_WARN_OBJC_LITERAL_CONVERSION = YES;
				CLANG_WARN_OBJC_ROOT_CLASS = YES_ERROR;
				CLANG_WARN_RANGE_LOOP_ANALYSIS = YES;
				CLANG_WARN_STRICT_PROTOTYPES = YES;
				CLANG_WARN_SUSPICIOUS_MOVE = YES;
				CLANG_WARN_UNGUARDED_AVAILABILITY = YES_AGGRESSIVE;
				CLANG_WARN_UNREACHABLE_CODE = YES;
				CLANG_WARN__DUPLICATE_METHOD_MATCH = YES;
				CODE_SIGN_IDENTITY = "iPhone Developer";
				COPY_PHASE_STRIP = NO;
				DEBUG_INFORMATION_FORMAT = "dwarf-with-dsym";
				ENABLE_NS_ASSERTIONS = NO;
				ENABLE_STRICT_OBJC_MSGSEND = YES;
				GCC_C_LANGUAGE_STANDARD = gnu11;
				GCC_NO_COMMON_BLOCKS = YES;
				GCC_WARN_64_TO_32_BIT_CONVERSION = YES;
				GCC_WARN_ABOUT_RETURN_TYPE = YES_ERROR;
				GCC_WARN_UNDECLARED_SELECTOR = YES;
				GCC_WARN_UNINITIALIZED_AUTOS = YES_AGGRESSIVE;
				GCC_WARN_UNUSED_FUNCTION = YES;
				GCC_WARN_UNUSED_VARIABLE = YES;
				IPHONEOS_DEPLOYMENT_TARGET = 12.2;
				MTL_ENABLE_DEBUG_INFO = NO;
				MTL_FAST_MATH = YES;
				SDKROOT = iphoneos;
				SWIFT_COMPILATION_MODE = wholemodule;
				SWIFT_OPTIMIZATION_LEVEL = "-O";
				VALIDATE_PRODUCT = YES;
			};
			name = Release;
		};
		468F58C621E9730100E84ED8 /* Debug */ = {
			isa = XCBuildConfiguration;
			buildSettings = {
				ALWAYS_EMBED_SWIFT_STANDARD_LIBRARIES = YES;
				ASSETCATALOG_COMPILER_APPICON_NAME = AppIcon;
				CODE_SIGN_ENTITLEMENTS = Moonbounce.iOS/Moonbounce.iOS.entitlements;
				CODE_SIGN_STYLE = Automatic;
				DEVELOPMENT_TEAM = 67Y4NSLDQ3;
				INFOPLIST_FILE = Moonbounce.iOS/Info.plist;
				LD_RUNPATH_SEARCH_PATHS = (
					"$(inherited)",
					"@executable_path/Frameworks",
				);
				PRODUCT_BUNDLE_IDENTIFIER = org.operatorFoundation.Moonbounce.iOS;
				PRODUCT_NAME = "$(TARGET_NAME)";
				SWIFT_VERSION = 5.0;
				TARGETED_DEVICE_FAMILY = "1,2";
			};
			name = Debug;
		};
		468F58C721E9730100E84ED8 /* Release */ = {
			isa = XCBuildConfiguration;
			buildSettings = {
				ALWAYS_EMBED_SWIFT_STANDARD_LIBRARIES = YES;
				ASSETCATALOG_COMPILER_APPICON_NAME = AppIcon;
				CODE_SIGN_ENTITLEMENTS = Moonbounce.iOS/Moonbounce.iOS.entitlements;
				CODE_SIGN_STYLE = Automatic;
				DEVELOPMENT_TEAM = 67Y4NSLDQ3;
				INFOPLIST_FILE = Moonbounce.iOS/Info.plist;
				LD_RUNPATH_SEARCH_PATHS = (
					"$(inherited)",
					"@executable_path/Frameworks",
				);
				PRODUCT_BUNDLE_IDENTIFIER = org.operatorFoundation.Moonbounce.iOS;
				PRODUCT_NAME = "$(TARGET_NAME)";
				SWIFT_VERSION = 5.0;
				TARGETED_DEVICE_FAMILY = "1,2";
			};
			name = Release;
		};
		468F58C921E9730100E84ED8 /* Debug */ = {
			isa = XCBuildConfiguration;
			buildSettings = {
				ALWAYS_EMBED_SWIFT_STANDARD_LIBRARIES = YES;
				BUNDLE_LOADER = "$(TEST_HOST)";
				CODE_SIGN_STYLE = Automatic;
				DEVELOPMENT_TEAM = 67Y4NSLDQ3;
				INFOPLIST_FILE = Moonbounce.iOSTests/Info.plist;
				LD_RUNPATH_SEARCH_PATHS = (
					"$(inherited)",
					"@executable_path/Frameworks",
					"@loader_path/Frameworks",
				);
				PRODUCT_BUNDLE_IDENTIFIER = "org.operatorFoundation.Moonbounce-iOSTests";
				PRODUCT_NAME = "$(TARGET_NAME)";
				SWIFT_VERSION = 5.0;
				TARGETED_DEVICE_FAMILY = "1,2";
				TEST_HOST = "$(BUILT_PRODUCTS_DIR)/Moonbounce.iOS.app/Moonbounce.iOS";
			};
			name = Debug;
		};
		468F58CA21E9730100E84ED8 /* Release */ = {
			isa = XCBuildConfiguration;
			buildSettings = {
				ALWAYS_EMBED_SWIFT_STANDARD_LIBRARIES = YES;
				BUNDLE_LOADER = "$(TEST_HOST)";
				CODE_SIGN_STYLE = Automatic;
				DEVELOPMENT_TEAM = 67Y4NSLDQ3;
				INFOPLIST_FILE = Moonbounce.iOSTests/Info.plist;
				LD_RUNPATH_SEARCH_PATHS = (
					"$(inherited)",
					"@executable_path/Frameworks",
					"@loader_path/Frameworks",
				);
				PRODUCT_BUNDLE_IDENTIFIER = "org.operatorFoundation.Moonbounce-iOSTests";
				PRODUCT_NAME = "$(TARGET_NAME)";
				SWIFT_VERSION = 5.0;
				TARGETED_DEVICE_FAMILY = "1,2";
				TEST_HOST = "$(BUILT_PRODUCTS_DIR)/Moonbounce.iOS.app/Moonbounce.iOS";
			};
			name = Release;
		};
		468F58CC21E9730100E84ED8 /* Debug */ = {
			isa = XCBuildConfiguration;
			buildSettings = {
				ALWAYS_EMBED_SWIFT_STANDARD_LIBRARIES = YES;
				CODE_SIGN_STYLE = Automatic;
				DEVELOPMENT_TEAM = 67Y4NSLDQ3;
				INFOPLIST_FILE = Moonbounce.iOSUITests/Info.plist;
				LD_RUNPATH_SEARCH_PATHS = (
					"$(inherited)",
					"@executable_path/Frameworks",
					"@loader_path/Frameworks",
				);
				PRODUCT_BUNDLE_IDENTIFIER = "org.operatorFoundation.Moonbounce-iOSUITests";
				PRODUCT_NAME = "$(TARGET_NAME)";
				SWIFT_VERSION = 5.0;
				TARGETED_DEVICE_FAMILY = "1,2";
				TEST_TARGET_NAME = Moonbounce.iOS;
			};
			name = Debug;
		};
		468F58CD21E9730100E84ED8 /* Release */ = {
			isa = XCBuildConfiguration;
			buildSettings = {
				ALWAYS_EMBED_SWIFT_STANDARD_LIBRARIES = YES;
				CODE_SIGN_STYLE = Automatic;
				DEVELOPMENT_TEAM = 67Y4NSLDQ3;
				INFOPLIST_FILE = Moonbounce.iOSUITests/Info.plist;
				LD_RUNPATH_SEARCH_PATHS = (
					"$(inherited)",
					"@executable_path/Frameworks",
					"@loader_path/Frameworks",
				);
				PRODUCT_BUNDLE_IDENTIFIER = "org.operatorFoundation.Moonbounce-iOSUITests";
				PRODUCT_NAME = "$(TARGET_NAME)";
				SWIFT_VERSION = 5.0;
				TARGETED_DEVICE_FAMILY = "1,2";
				TEST_TARGET_NAME = Moonbounce.iOS;
			};
			name = Release;
		};
		468F592021E97D9F00E84ED8 /* Debug */ = {
			isa = XCBuildConfiguration;
			buildSettings = {
				CODE_SIGN_ENTITLEMENTS = MoonbounceiOSNetworkExtension/MoonbounceiOSNetworkExtension.entitlements;
				CODE_SIGN_STYLE = Automatic;
				DEVELOPMENT_TEAM = 67Y4NSLDQ3;
				INFOPLIST_FILE = MoonbounceiOSNetworkExtension/Info.plist;
				LD_RUNPATH_SEARCH_PATHS = (
					"$(inherited)",
					"@executable_path/Frameworks",
					"@executable_path/../../Frameworks",
				);
				PRODUCT_BUNDLE_IDENTIFIER = org.operatorFoundation.Moonbounce.iOS.NetworkExtension;
				PRODUCT_NAME = "$(TARGET_NAME)";
				SKIP_INSTALL = YES;
				SWIFT_VERSION = 5.0;
				TARGETED_DEVICE_FAMILY = "1,2";
			};
			name = Debug;
		};
		468F592121E97D9F00E84ED8 /* Release */ = {
			isa = XCBuildConfiguration;
			buildSettings = {
				CODE_SIGN_ENTITLEMENTS = MoonbounceiOSNetworkExtension/MoonbounceiOSNetworkExtension.entitlements;
				CODE_SIGN_STYLE = Automatic;
				DEVELOPMENT_TEAM = 67Y4NSLDQ3;
				INFOPLIST_FILE = MoonbounceiOSNetworkExtension/Info.plist;
				LD_RUNPATH_SEARCH_PATHS = (
					"$(inherited)",
					"@executable_path/Frameworks",
					"@executable_path/../../Frameworks",
				);
				PRODUCT_BUNDLE_IDENTIFIER = org.operatorFoundation.Moonbounce.iOS.NetworkExtension;
				PRODUCT_NAME = "$(TARGET_NAME)";
				SKIP_INSTALL = YES;
				SWIFT_VERSION = 5.0;
				TARGETED_DEVICE_FAMILY = "1,2";
			};
			name = Release;
		};
/* End XCBuildConfiguration section */

/* Begin XCConfigurationList section */
		468F589621E972FD00E84ED8 /* Build configuration list for PBXProject "Moonbounce.iOS" */ = {
			isa = XCConfigurationList;
			buildConfigurations = (
				468F58C321E9730100E84ED8 /* Debug */,
				468F58C421E9730100E84ED8 /* Release */,
			);
			defaultConfigurationIsVisible = 0;
			defaultConfigurationName = Release;
		};
		468F58C521E9730100E84ED8 /* Build configuration list for PBXNativeTarget "Moonbounce.iOS" */ = {
			isa = XCConfigurationList;
			buildConfigurations = (
				468F58C621E9730100E84ED8 /* Debug */,
				468F58C721E9730100E84ED8 /* Release */,
			);
			defaultConfigurationIsVisible = 0;
			defaultConfigurationName = Release;
		};
		468F58C821E9730100E84ED8 /* Build configuration list for PBXNativeTarget "Moonbounce.iOSTests" */ = {
			isa = XCConfigurationList;
			buildConfigurations = (
				468F58C921E9730100E84ED8 /* Debug */,
				468F58CA21E9730100E84ED8 /* Release */,
			);
			defaultConfigurationIsVisible = 0;
			defaultConfigurationName = Release;
		};
		468F58CB21E9730100E84ED8 /* Build configuration list for PBXNativeTarget "Moonbounce.iOSUITests" */ = {
			isa = XCConfigurationList;
			buildConfigurations = (
				468F58CC21E9730100E84ED8 /* Debug */,
				468F58CD21E9730100E84ED8 /* Release */,
			);
			defaultConfigurationIsVisible = 0;
			defaultConfigurationName = Release;
		};
		468F591F21E97D9F00E84ED8 /* Build configuration list for PBXNativeTarget "MoonbounceiOSNetworkExtension" */ = {
			isa = XCConfigurationList;
			buildConfigurations = (
				468F592021E97D9F00E84ED8 /* Debug */,
				468F592121E97D9F00E84ED8 /* Release */,
			);
			defaultConfigurationIsVisible = 0;
			defaultConfigurationName = Release;
		};
/* End XCConfigurationList section */
	};
	rootObject = 468F589321E972FD00E84ED8 /* Project object */;
}
